// !$*UTF8*$!
{
	archiveVersion = 1;
	classes = {
	};
	objectVersion = 56;
	objects = {

/* Begin PBXBuildFile section */
		2F00233F294DB96C0029386B /* DesignCodeiOS16App.swift in Sources */ = {isa = PBXBuildFile; fileRef = 2F00233E294DB96C0029386B /* DesignCodeiOS16App.swift */; };
		2F002341294DB96C0029386B /* ContentView.swift in Sources */ = {isa = PBXBuildFile; fileRef = 2F002340294DB96C0029386B /* ContentView.swift */; };
		2F002343294DB96D0029386B /* Assets.xcassets in Resources */ = {isa = PBXBuildFile; fileRef = 2F002342294DB96D0029386B /* Assets.xcassets */; };
		2F002346294DB96D0029386B /* Preview Assets.xcassets in Resources */ = {isa = PBXBuildFile; fileRef = 2F002345294DB96D0029386B /* Preview Assets.xcassets */; };
		2F282D7F2996513B006B8465 /* RadialLayoutView.swift in Sources */ = {isa = PBXBuildFile; fileRef = 2F282D7E2996513B006B8465 /* RadialLayoutView.swift */; };
		2F9492F329892C07008D20C0 /* GridView.swift in Sources */ = {isa = PBXBuildFile; fileRef = 2F9492F229892C07008D20C0 /* GridView.swift */; };
		2F9492F52989316E008D20C0 /* CardView.swift in Sources */ = {isa = PBXBuildFile; fileRef = 2F9492F42989316E008D20C0 /* CardView.swift */; };
		2FADA2C029964B4C00C66CFE /* DetailView.swift in Sources */ = {isa = PBXBuildFile; fileRef = 2FADA2BF29964B4C00C66CFE /* DetailView.swift */; };
		2FAED0D0294F154100C3239C /* MessageView.swift in Sources */ = {isa = PBXBuildFile; fileRef = 2FAED0CF294F154100C3239C /* MessageView.swift */; };
		2FAED0D2294F1A3800C3239C /* MenuView.swift in Sources */ = {isa = PBXBuildFile; fileRef = 2FAED0D1294F1A3800C3239C /* MenuView.swift */; };
		2FF26AF229884BCA006DD440 /* ChartView.swift in Sources */ = {isa = PBXBuildFile; fileRef = 2FF26AF129884BCA006DD440 /* ChartView.swift */; };
		2FF57220294E4C9500900BC0 /* NavigationStackView.swift in Sources */ = {isa = PBXBuildFile; fileRef = 2FF5721F294E4C9500900BC0 /* NavigationStackView.swift */; };
		2FF57222294E577700900BC0 /* Data.swift in Sources */ = {isa = PBXBuildFile; fileRef = 2FF57221294E577700900BC0 /* Data.swift */; };
/* End PBXBuildFile section */

/* Begin PBXFileReference section */
		2F00233B294DB96C0029386B /* DesignCodeiOS16.app */ = {isa = PBXFileReference; explicitFileType = wrapper.application; includeInIndex = 0; path = DesignCodeiOS16.app; sourceTree = BUILT_PRODUCTS_DIR; };
		2F00233E294DB96C0029386B /* DesignCodeiOS16App.swift */ = {isa = PBXFileReference; lastKnownFileType = sourcecode.swift; path = DesignCodeiOS16App.swift; sourceTree = "<group>"; };
		2F002340294DB96C0029386B /* ContentView.swift */ = {isa = PBXFileReference; lastKnownFileType = sourcecode.swift; path = ContentView.swift; sourceTree = "<group>"; };
		2F002342294DB96D0029386B /* Assets.xcassets */ = {isa = PBXFileReference; lastKnownFileType = folder.assetcatalog; path = Assets.xcassets; sourceTree = "<group>"; };
		2F002345294DB96D0029386B /* Preview Assets.xcassets */ = {isa = PBXFileReference; lastKnownFileType = folder.assetcatalog; path = "Preview Assets.xcassets"; sourceTree = "<group>"; };
		2F282D7E2996513B006B8465 /* RadialLayoutView.swift */ = {isa = PBXFileReference; lastKnownFileType = sourcecode.swift; path = RadialLayoutView.swift; sourceTree = "<group>"; };
		2F9492F229892C07008D20C0 /* GridView.swift */ = {isa = PBXFileReference; lastKnownFileType = sourcecode.swift; path = GridView.swift; sourceTree = "<group>"; };
		2F9492F42989316E008D20C0 /* CardView.swift */ = {isa = PBXFileReference; lastKnownFileType = sourcecode.swift; path = CardView.swift; sourceTree = "<group>"; };
		2FADA2BF29964B4C00C66CFE /* DetailView.swift */ = {isa = PBXFileReference; lastKnownFileType = sourcecode.swift; path = DetailView.swift; sourceTree = "<group>"; };
		2FAED0CF294F154100C3239C /* MessageView.swift */ = {isa = PBXFileReference; lastKnownFileType = sourcecode.swift; path = MessageView.swift; sourceTree = "<group>"; };
		2FAED0D1294F1A3800C3239C /* MenuView.swift */ = {isa = PBXFileReference; lastKnownFileType = sourcecode.swift; path = MenuView.swift; sourceTree = "<group>"; };
		2FF26AF129884BCA006DD440 /* ChartView.swift */ = {isa = PBXFileReference; lastKnownFileType = sourcecode.swift; path = ChartView.swift; sourceTree = "<group>"; };
		2FF5721F294E4C9500900BC0 /* NavigationStackView.swift */ = {isa = PBXFileReference; lastKnownFileType = sourcecode.swift; path = NavigationStackView.swift; sourceTree = "<group>"; };
		2FF57221294E577700900BC0 /* Data.swift */ = {isa = PBXFileReference; lastKnownFileType = sourcecode.swift; path = Data.swift; sourceTree = "<group>"; };
/* End PBXFileReference section */

/* Begin PBXFrameworksBuildPhase section */
		2F002338294DB96C0029386B /* Frameworks */ = {
			isa = PBXFrameworksBuildPhase;
			buildActionMask = 2147483647;
			files = (
			);
			runOnlyForDeploymentPostprocessing = 0;
		};
/* End PBXFrameworksBuildPhase section */

/* Begin PBXGroup section */
		2F002332294DB96C0029386B = {
			isa = PBXGroup;
			children = (
				2F00233D294DB96C0029386B /* DesignCodeiOS16 */,
				2F00233C294DB96C0029386B /* Products */,
			);
			sourceTree = "<group>";
		};
		2F00233C294DB96C0029386B /* Products */ = {
			isa = PBXGroup;
			children = (
				2F00233B294DB96C0029386B /* DesignCodeiOS16.app */,
			);
			name = Products;
			sourceTree = "<group>";
		};
		2F00233D294DB96C0029386B /* DesignCodeiOS16 */ = {
			isa = PBXGroup;
			children = (
				2F002342294DB96D0029386B /* Assets.xcassets */,
				2F9492F42989316E008D20C0 /* CardView.swift */,
				2FF26AF129884BCA006DD440 /* ChartView.swift */,
				2F002340294DB96C0029386B /* ContentView.swift */,
				2FF57221294E577700900BC0 /* Data.swift */,
				2F00233E294DB96C0029386B /* DesignCodeiOS16App.swift */,
				2FADA2BF29964B4C00C66CFE /* DetailView.swift */,
				2F9492F229892C07008D20C0 /* GridView.swift */,
				2FAED0D1294F1A3800C3239C /* MenuView.swift */,
				2FAED0CF294F154100C3239C /* MessageView.swift */,
				2FF5721F294E4C9500900BC0 /* NavigationStackView.swift */,
				2F002344294DB96D0029386B /* Preview Content */,
				2F282D7E2996513B006B8465 /* RadialLayoutView.swift */,
			);
			path = DesignCodeiOS16;
			sourceTree = "<group>";
		};
		2F002344294DB96D0029386B /* Preview Content */ = {
			isa = PBXGroup;
			children = (
				2F002345294DB96D0029386B /* Preview Assets.xcassets */,
			);
			path = "Preview Content";
			sourceTree = "<group>";
		};
/* End PBXGroup section */

/* Begin PBXNativeTarget section */
		2F00233A294DB96C0029386B /* DesignCodeiOS16 */ = {
			isa = PBXNativeTarget;
			buildConfigurationList = 2F002349294DB96D0029386B /* Build configuration list for PBXNativeTarget "DesignCodeiOS16" */;
			buildPhases = (
				2F002337294DB96C0029386B /* Sources */,
				2F002338294DB96C0029386B /* Frameworks */,
				2F002339294DB96C0029386B /* Resources */,
			);
			buildRules = (
			);
			dependencies = (
			);
			name = DesignCodeiOS16;
			productName = DesignCodeiOS16;
			productReference = 2F00233B294DB96C0029386B /* DesignCodeiOS16.app */;
			productType = "com.apple.product-type.application";
		};
/* End PBXNativeTarget section */

/* Begin PBXProject section */
		2F002333294DB96C0029386B /* Project object */ = {
			isa = PBXProject;
			attributes = {
				BuildIndependentTargetsInParallel = 1;
				LastSwiftUpdateCheck = 1420;
				LastUpgradeCheck = 1420;
				TargetAttributes = {
					2F00233A294DB96C0029386B = {
						CreatedOnToolsVersion = 14.2;
					};
				};
			};
			buildConfigurationList = 2F002336294DB96C0029386B /* Build configuration list for PBXProject "DesignCodeiOS16" */;
			compatibilityVersion = "Xcode 14.0";
			developmentRegion = en;
			hasScannedForEncodings = 0;
			knownRegions = (
				en,
				Base,
			);
			mainGroup = 2F002332294DB96C0029386B;
			productRefGroup = 2F00233C294DB96C0029386B /* Products */;
			projectDirPath = "";
			projectRoot = "";
			targets = (
				2F00233A294DB96C0029386B /* DesignCodeiOS16 */,
			);
		};
/* End PBXProject section */

/* Begin PBXResourcesBuildPhase section */
		2F002339294DB96C0029386B /* Resources */ = {
			isa = PBXResourcesBuildPhase;
			buildActionMask = 2147483647;
			files = (
				2F002346294DB96D0029386B /* Preview Assets.xcassets in Resources */,
				2F002343294DB96D0029386B /* Assets.xcassets in Resources */,
			);
			runOnlyForDeploymentPostprocessing = 0;
		};
/* End PBXResourcesBuildPhase section */

/* Begin PBXSourcesBuildPhase section */
		2F002337294DB96C0029386B /* Sources */ = {
			isa = PBXSourcesBuildPhase;
			buildActionMask = 2147483647;
			files = (
				2F002341294DB96C0029386B /* ContentView.swift in Sources */,
				2F9492F52989316E008D20C0 /* CardView.swift in Sources */,
				2FAED0D2294F1A3800C3239C /* MenuView.swift in Sources */,
				2F282D7F2996513B006B8465 /* RadialLayoutView.swift in Sources */,
				2FADA2C029964B4C00C66CFE /* DetailView.swift in Sources */,
				2F9492F329892C07008D20C0 /* GridView.swift in Sources */,
				2FF57220294E4C9500900BC0 /* NavigationStackView.swift in Sources */,
				2FF26AF229884BCA006DD440 /* ChartView.swift in Sources */,
				2F00233F294DB96C0029386B /* DesignCodeiOS16App.swift in Sources */,
				2FF57222294E577700900BC0 /* Data.swift in Sources */,
				2FAED0D0294F154100C3239C /* MessageView.swift in Sources */,
			);
			runOnlyForDeploymentPostprocessing = 0;
		};
/* End PBXSourcesBuildPhase section */

/* Begin XCBuildConfiguration section */
		2F002347294DB96D0029386B /* Debug */ = {
			isa = XCBuildConfiguration;
			buildSettings = {
				ALWAYS_SEARCH_USER_PATHS = NO;
				CLANG_ANALYZER_NONNULL = YES;
				CLANG_ANALYZER_NUMBER_OBJECT_CONVERSION = YES_AGGRESSIVE;
				CLANG_CXX_LANGUAGE_STANDARD = "gnu++20";
				CLANG_ENABLE_MODULES = YES;
				CLANG_ENABLE_OBJC_ARC = YES;
				CLANG_ENABLE_OBJC_WEAK = YES;
				CLANG_WARN_BLOCK_CAPTURE_AUTORELEASING = YES;
				CLANG_WARN_BOOL_CONVERSION = YES;
				CLANG_WARN_COMMA = YES;
				CLANG_WARN_CONSTANT_CONVERSION = YES;
				CLANG_WARN_DEPRECATED_OBJC_IMPLEMENTATIONS = YES;
				CLANG_WARN_DIRECT_OBJC_ISA_USAGE = YES_ERROR;
				CLANG_WARN_DOCUMENTATION_COMMENTS = YES;
				CLANG_WARN_EMPTY_BODY = YES;
				CLANG_WARN_ENUM_CONVERSION = YES;
				CLANG_WARN_INFINITE_RECURSION = YES;
				CLANG_WARN_INT_CONVERSION = YES;
				CLANG_WARN_NON_LITERAL_NULL_CONVERSION = YES;
				CLANG_WARN_OBJC_IMPLICIT_RETAIN_SELF = YES;
				CLANG_WARN_OBJC_LITERAL_CONVERSION = YES;
				CLANG_WARN_OBJC_ROOT_CLASS = YES_ERROR;
				CLANG_WARN_QUOTED_INCLUDE_IN_FRAMEWORK_HEADER = YES;
				CLANG_WARN_RANGE_LOOP_ANALYSIS = YES;
				CLANG_WARN_STRICT_PROTOTYPES = YES;
				CLANG_WARN_SUSPICIOUS_MOVE = YES;
				CLANG_WARN_UNGUARDED_AVAILABILITY = YES_AGGRESSIVE;
				CLANG_WARN_UNREACHABLE_CODE = YES;
				CLANG_WARN__DUPLICATE_METHOD_MATCH = YES;
				COPY_PHASE_STRIP = NO;
				DEBUG_INFORMATION_FORMAT = dwarf;
				ENABLE_STRICT_OBJC_MSGSEND = YES;
				ENABLE_TESTABILITY = YES;
				GCC_C_LANGUAGE_STANDARD = gnu11;
				GCC_DYNAMIC_NO_PIC = NO;
				GCC_NO_COMMON_BLOCKS = YES;
				GCC_OPTIMIZATION_LEVEL = 0;
				GCC_PREPROCESSOR_DEFINITIONS = (
					"DEBUG=1",
					"$(inherited)",
				);
				GCC_WARN_64_TO_32_BIT_CONVERSION = YES;
				GCC_WARN_ABOUT_RETURN_TYPE = YES_ERROR;
				GCC_WARN_UNDECLARED_SELECTOR = YES;
				GCC_WARN_UNINITIALIZED_AUTOS = YES_AGGRESSIVE;
				GCC_WARN_UNUSED_FUNCTION = YES;
				GCC_WARN_UNUSED_VARIABLE = YES;
				IPHONEOS_DEPLOYMENT_TARGET = 16.2;
				MTL_ENABLE_DEBUG_INFO = INCLUDE_SOURCE;
				MTL_FAST_MATH = YES;
				ONLY_ACTIVE_ARCH = YES;
				SDKROOT = iphoneos;
				SWIFT_ACTIVE_COMPILATION_CONDITIONS = DEBUG;
				SWIFT_OPTIMIZATION_LEVEL = "-Onone";
			};
			name = Debug;
		};
		2F002348294DB96D0029386B /* Release */ = {
			isa = XCBuildConfiguration;
			buildSettings = {
				ALWAYS_SEARCH_USER_PATHS = NO;
				CLANG_ANALYZER_NONNULL = YES;
				CLANG_ANALYZER_NUMBER_OBJECT_CONVERSION = YES_AGGRESSIVE;
				CLANG_CXX_LANGUAGE_STANDARD = "gnu++20";
				CLANG_ENABLE_MODULES = YES;
				CLANG_ENABLE_OBJC_ARC = YES;
				CLANG_ENABLE_OBJC_WEAK = YES;
				CLANG_WARN_BLOCK_CAPTURE_AUTORELEASING = YES;
				CLANG_WARN_BOOL_CONVERSION = YES;
				CLANG_WARN_COMMA = YES;
				CLANG_WARN_CONSTANT_CONVERSION = YES;
				CLANG_WARN_DEPRECATED_OBJC_IMPLEMENTATIONS = YES;
				CLANG_WARN_DIRECT_OBJC_ISA_USAGE = YES_ERROR;
				CLANG_WARN_DOCUMENTATION_COMMENTS = YES;
				CLANG_WARN_EMPTY_BODY = YES;
				CLANG_WARN_ENUM_CONVERSION = YES;
				CLANG_WARN_INFINITE_RECURSION = YES;
				CLANG_WARN_INT_CONVERSION = YES;
				CLANG_WARN_NON_LITERAL_NULL_CONVERSION = YES;
				CLANG_WARN_OBJC_IMPLICIT_RETAIN_SELF = YES;
				CLANG_WARN_OBJC_LITERAL_CONVERSION = YES;
				CLANG_WARN_OBJC_ROOT_CLASS = YES_ERROR;
				CLANG_WARN_QUOTED_INCLUDE_IN_FRAMEWORK_HEADER = YES;
				CLANG_WARN_RANGE_LOOP_ANALYSIS = YES;
				CLANG_WARN_STRICT_PROTOTYPES = YES;
				CLANG_WARN_SUSPICIOUS_MOVE = YES;
				CLANG_WARN_UNGUARDED_AVAILABILITY = YES_AGGRESSIVE;
				CLANG_WARN_UNREACHABLE_CODE = YES;
				CLANG_WARN__DUPLICATE_METHOD_MATCH = YES;
				COPY_PHASE_STRIP = NO;
				DEBUG_INFORMATION_FORMAT = "dwarf-with-dsym";
				ENABLE_NS_ASSERTIONS = NO;
				ENABLE_STRICT_OBJC_MSGSEND = YES;
				GCC_C_LANGUAGE_STANDARD = gnu11;
				GCC_NO_COMMON_BLOCKS = YES;
				GCC_WARN_64_TO_32_BIT_CONVERSION = YES;
				GCC_WARN_ABOUT_RETURN_TYPE = YES_ERROR;
				GCC_WARN_UNDECLARED_SELECTOR = YES;
				GCC_WARN_UNINITIALIZED_AUTOS = YES_AGGRESSIVE;
				GCC_WARN_UNUSED_FUNCTION = YES;
				GCC_WARN_UNUSED_VARIABLE = YES;
				IPHONEOS_DEPLOYMENT_TARGET = 16.2;
				MTL_ENABLE_DEBUG_INFO = NO;
				MTL_FAST_MATH = YES;
				SDKROOT = iphoneos;
				SWIFT_COMPILATION_MODE = wholemodule;
				SWIFT_OPTIMIZATION_LEVEL = "-O";
				VALIDATE_PRODUCT = YES;
			};
			name = Release;
		};
		2F00234A294DB96D0029386B /* Debug */ = {
			isa = XCBuildConfiguration;
			buildSettings = {
				ASSETCATALOG_COMPILER_APPICON_NAME = AppIcon;
				ASSETCATALOG_COMPILER_GLOBAL_ACCENT_COLOR_NAME = AccentColor;
				CODE_SIGN_STYLE = Automatic;
				CURRENT_PROJECT_VERSION = 1;
				DEVELOPMENT_ASSET_PATHS = "\"DesignCodeiOS16/Preview Content\"";
				DEVELOPMENT_TEAM = MJ4M4XMHNY;
				ENABLE_PREVIEWS = YES;
				GENERATE_INFOPLIST_FILE = YES;
				INFOPLIST_KEY_CFBundleDisplayName = "iOS 16 Practice";
				INFOPLIST_KEY_UIApplicationSceneManifest_Generation = YES;
				INFOPLIST_KEY_UIApplicationSupportsIndirectInputEvents = YES;
				INFOPLIST_KEY_UILaunchScreen_Generation = YES;
				INFOPLIST_KEY_UISupportedInterfaceOrientations_iPad = "UIInterfaceOrientationPortrait UIInterfaceOrientationPortraitUpsideDown UIInterfaceOrientationLandscapeLeft UIInterfaceOrientationLandscapeRight";
				INFOPLIST_KEY_UISupportedInterfaceOrientations_iPhone = "UIInterfaceOrientationPortrait UIInterfaceOrientationLandscapeLeft UIInterfaceOrientationLandscapeRight";
				LD_RUNPATH_SEARCH_PATHS = (
					"$(inherited)",
					"@executable_path/Frameworks",
				);
				MARKETING_VERSION = 1.0;
				PRODUCT_BUNDLE_IDENTIFIER = com.gmail.kortes39dev.DesignCodeiOS16;
				PRODUCT_NAME = "$(TARGET_NAME)";
				SWIFT_EMIT_LOC_STRINGS = YES;
				SWIFT_VERSION = 5.0;
				TARGETED_DEVICE_FAMILY = "1,2";
			};
			name = Debug;
		};
		2F00234B294DB96D0029386B /* Release */ = {
			isa = XCBuildConfiguration;
			buildSettings = {
				ASSETCATALOG_COMPILER_APPICON_NAME = AppIcon;
				ASSETCATALOG_COMPILER_GLOBAL_ACCENT_COLOR_NAME = AccentColor;
				CODE_SIGN_STYLE = Automatic;
				CURRENT_PROJECT_VERSION = 1;
				DEVELOPMENT_ASSET_PATHS = "\"DesignCodeiOS16/Preview Content\"";
				DEVELOPMENT_TEAM = MJ4M4XMHNY;
				ENABLE_PREVIEWS = YES;
				GENERATE_INFOPLIST_FILE = YES;
				INFOPLIST_KEY_CFBundleDisplayName = "iOS 16 Practice";
				INFOPLIST_KEY_UIApplicationSceneManifest_Generation = YES;
				INFOPLIST_KEY_UIApplicationSupportsIndirectInputEvents = YES;
				INFOPLIST_KEY_UILaunchScreen_Generation = YES;
				INFOPLIST_KEY_UISupportedInterfaceOrientations_iPad = "UIInterfaceOrientationPortrait UIInterfaceOrientationPortraitUpsideDown UIInterfaceOrientationLandscapeLeft UIInterfaceOrientationLandscapeRight";
				INFOPLIST_KEY_UISupportedInterfaceOrientations_iPhone = "UIInterfaceOrientationPortrait UIInterfaceOrientationLandscapeLeft UIInterfaceOrientationLandscapeRight";
				LD_RUNPATH_SEARCH_PATHS = (
					"$(inherited)",
					"@executable_path/Frameworks",
				);
				MARKETING_VERSION = 1.0;
				PRODUCT_BUNDLE_IDENTIFIER = com.gmail.kortes39dev.DesignCodeiOS16;
				PRODUCT_NAME = "$(TARGET_NAME)";
				SWIFT_EMIT_LOC_STRINGS = YES;
				SWIFT_VERSION = 5.0;
				TARGETED_DEVICE_FAMILY = "1,2";
			};
			name = Release;
		};
/* End XCBuildConfiguration section */

/* Begin XCConfigurationList section */
		2F002336294DB96C0029386B /* Build configuration list for PBXProject "DesignCodeiOS16" */ = {
			isa = XCConfigurationList;
			buildConfigurations = (
				2F002347294DB96D0029386B /* Debug */,
				2F002348294DB96D0029386B /* Release */,
			);
			defaultConfigurationIsVisible = 0;
			defaultConfigurationName = Release;
		};
		2F002349294DB96D0029386B /* Build configuration list for PBXNativeTarget "DesignCodeiOS16" */ = {
			isa = XCConfigurationList;
			buildConfigurations = (
				2F00234A294DB96D0029386B /* Debug */,
				2F00234B294DB96D0029386B /* Release */,
			);
			defaultConfigurationIsVisible = 0;
			defaultConfigurationName = Release;
		};
/* End XCConfigurationList section */
	};
	rootObject = 2F002333294DB96C0029386B /* Project object */;
}
